version = 1
revision = 2
requires-python = ">=3.11"

[[package]]
name = "cython"
version = "3.1.1"
source = { registry = "https://pypi.org/simple" }
sdist = { url = "https://files.pythonhosted.org/packages/5b/d3/bb000603e46144db2e5055219bbddcf7ab3b10012fcb342695694fb88141/cython-3.1.1.tar.gz", hash = "sha256:505ccd413669d5132a53834d792c707974248088c4f60c497deb1b416e366397", size = 3175446, upload-time = "2025-05-19T09:44:54.347Z" }
wheels = [
    { url = "https://files.pythonhosted.org/packages/35/b3/bc75c0352214b5ced31ce5e0d051d0ad4ad916aa7a1d669d1876ad1e59aa/cython-3.1.1-cp311-cp311-macosx_10_9_x86_64.whl", hash = "sha256:c360823e1063784efc2335617e0f28573d7a594c5a8a05d85e850a9621cccb1f", size = 2998590, upload-time = "2025-05-19T09:56:51.148Z" },
    { url = "https://files.pythonhosted.org/packages/bf/0a/5840cdd7a1e8c0d2ffeb5e09afd32b8d10321cce33a2554ef10ea832a200/cython-3.1.1-cp311-cp311-macosx_11_0_arm64.whl", hash = "sha256:12e00b88147b03c148a95365f89dc1c45a0fc52f9c35aa75ff770ef65b615839", size = 2860818, upload-time = "2025-05-19T09:56:53.694Z" },
    { url = "https://files.pythonhosted.org/packages/63/2e/0fac02ce46f208af54d76c6c786b8dddeb207ca94aa85b0455f6cbaa472c/cython-3.1.1-cp311-cp311-manylinux_2_17_aarch64.manylinux2014_aarch64.whl", hash = "sha256:ab644415458d782c16ba7252de9cec1e3125371641cafea2e53a8c1cf85dd58d", size = 3124262, upload-time = "2025-05-19T09:56:56.277Z" },
    { url = "https://files.pythonhosted.org/packages/23/04/b7ae247b83b3f98966184c1a787001964132ae2e05a989769b1a5e7325da/cython-3.1.1-cp311-cp311-manylinux_2_17_x86_64.manylinux2014_x86_64.whl", hash = "sha256:c5cb6c054daadaf01a88c8f49f3edd9e829c9b76a82cbb4269e3f9878254540b", size = 3215216, upload-time = "2025-05-19T09:56:58.674Z" },
    { url = "https://files.pythonhosted.org/packages/b5/3b/c4e6c16b099a592dbd6cd615c4de901eb8cc2795d5445d77b8cd378de7da/cython-3.1.1-cp311-cp311-manylinux_2_5_i686.manylinux1_i686.manylinux_2_17_i686.manylinux2014_i686.whl", hash = "sha256:af8f62cc9339b75fe8434325083e6a7cae88c9c21efd74bbb6ba4e3623219469", size = 3282597, upload-time = "2025-05-19T09:57:00.85Z" },
    { url = "https://files.pythonhosted.org/packages/06/dd/90a8fd8508298f1f16e2cbc665774047fbc81f0370125b6e32f0a182fc10/cython-3.1.1-cp311-cp311-musllinux_1_2_aarch64.whl", hash = "sha256:689c1aad373556bd2ab1aa1c2dad8939a2891465a1fbd2cbbdd42b488fb40ec8", size = 3175592, upload-time = "2025-05-19T09:57:03.1Z" },
    { url = "https://files.pythonhosted.org/packages/af/ab/2cd4e8d5c46499ea2ca5b7c3ae4053db86465b35a8870ce5e847fee06aff/cython-3.1.1-cp311-cp311-musllinux_1_2_i686.whl", hash = "sha256:953046c190fa9ab9a09a546a909b847cdbb4c1fe34e9bfa4a15b6ee1585a86aa", size = 3378435, upload-time = "2025-05-19T09:57:05.535Z" },
    { url = "https://files.pythonhosted.org/packages/b2/99/250fb399af2edd9861774f0c8b6c4b7d862aa52d966a07b860bcd723842a/cython-3.1.1-cp311-cp311-musllinux_1_2_x86_64.whl", hash = "sha256:755a991601b27dd3555310d0f95b19a05e622a80d7b4e7a91fa6f5f3ef3f3b80", size = 3300519, upload-time = "2025-05-19T09:57:07.512Z" },
    { url = "https://files.pythonhosted.org/packages/37/09/1c5d470580d9b92107cadedc848f43e2f2102284f8b666ea9ab82f6fc101/cython-3.1.1-cp311-cp311-win32.whl", hash = "sha256:83b2af5c327f7da4f08afc34fddfaf6d24fa0c000b6b70a527c8125e493b6080", size = 2447287, upload-time = "2025-05-19T09:57:09.958Z" },
    { url = "https://files.pythonhosted.org/packages/30/67/c99ec81380cd9d2c798eb1572f61dbe50318958925049b39029f73fe6b52/cython-3.1.1-cp311-cp311-win_amd64.whl", hash = "sha256:141ffd6279411c562f6b707adc56b63e965a4fd7f21db83f5d4fcbd8c50ac546", size = 2655739, upload-time = "2025-05-19T09:57:11.938Z" },
    { url = "https://files.pythonhosted.org/packages/78/06/83ff82381319ff68ae46f9dd3024b1d5101997e81a8e955811525b6f934b/cython-3.1.1-cp312-cp312-macosx_10_13_x86_64.whl", hash = "sha256:9d7dc0e4d0cd491fac679a61e9ede348c64ca449f99a284f9a01851aa1dbc7f6", size = 3006334, upload-time = "2025-05-19T09:57:14.284Z" },
    { url = "https://files.pythonhosted.org/packages/c3/01/b4c46c6a27cd2da642bc987c1f9087265defbc96a1929d326b9034953f15/cython-3.1.1-cp312-cp312-macosx_11_0_arm64.whl", hash = "sha256:fd689910002adfac8734f237cdea1573e38345f27ed7fd445482813b65a29457", size = 2836861, upload-time = "2025-05-19T09:57:16.129Z" },
    { url = "https://files.pythonhosted.org/packages/96/51/7936c5d01ec3c89be8de1756f284878d4a567627b7b1790455ac627fb833/cython-3.1.1-cp312-cp312-manylinux_2_17_aarch64.manylinux2014_aarch64.whl", hash = "sha256:10f0434916994fe213ea7749268b88d77e3ebcbd1b99542cf64bb7d180f45470", size = 3074560, upload-time = "2025-05-19T09:57:18.797Z" },
    { url = "https://files.pythonhosted.org/packages/0d/81/34aeb787dcb2624a82a33e60276ed28d2da8a08c79660cf674b19be82248/cython-3.1.1-cp312-cp312-manylinux_2_17_x86_64.manylinux2014_x86_64.whl", hash = "sha256:873aac4ac0b0fb197557c0ac15458b780b9221daa4a716881cbd1a9016c8459f", size = 3192645, upload-time = "2025-05-19T09:57:21.002Z" },
    { url = "https://files.pythonhosted.org/packages/e8/bf/1350ed6cb48158a4f096306a12bc4c26c6d20d3314f1f1978ea23afe0220/cython-3.1.1-cp312-cp312-manylinux_2_5_i686.manylinux1_i686.manylinux_2_17_i686.manylinux2014_i686.whl", hash = "sha256:23b886a6c8a50b1101ccef2f2f3dc9c699b77633ef5bb5007090226c2ad3f9c2", size = 3241751, upload-time = "2025-05-19T09:57:23.118Z" },
    { url = "https://files.pythonhosted.org/packages/1e/f5/9ed5a898c41723e3da2317fd1f082d963ff08571caeded31cb945be589b5/cython-3.1.1-cp312-cp312-musllinux_1_2_aarch64.whl", hash = "sha256:dff0e7dd53a0ca35b64cda843253d5cac944db26663dc097b3a1adf2c49514ad", size = 3123562, upload-time = "2025-05-19T09:57:25.492Z" },
    { url = "https://files.pythonhosted.org/packages/c3/81/b5ce4393d3a0a75a8c6d9ad0b80a62263d892260b816eb3d569ef144511a/cython-3.1.1-cp312-cp312-musllinux_1_2_i686.whl", hash = "sha256:0f7954b0b4b3302655d3caa6924261de5907a4e129bc22ace52fe9ae0cd5a758", size = 3333555, upload-time = "2025-05-19T09:57:29.232Z" },
    { url = "https://files.pythonhosted.org/packages/db/47/2c1fa4b4901f10d00e666931dd68d4bd7954d3caa900544d135424ef6178/cython-3.1.1-cp312-cp312-musllinux_1_2_x86_64.whl", hash = "sha256:dfa500fd7ae95ca152a5f8062b870532fa3e27efcef6d00612e1f28b9f72615f", size = 3282112, upload-time = "2025-05-19T09:57:31.904Z" },
    { url = "https://files.pythonhosted.org/packages/ed/5b/b000d3ebff79429419d846e06c5c09f33fd010e1f6158d7ba553e1082253/cython-3.1.1-cp312-cp312-win32.whl", hash = "sha256:cd748fab8e4426dbcb2e0fa2979558333934d24365e0de5672fbabfe337d880c", size = 2462293, upload-time = "2025-05-19T09:57:34.964Z" },
    { url = "https://files.pythonhosted.org/packages/45/0e/e1370ed3216e4e164232d1891c2a2932a3874d1a8681f8c3565cafd98579/cython-3.1.1-cp312-cp312-win_amd64.whl", hash = "sha256:307f216ed319ea07644f2ef9974406c830f01bc8e677e2147e9bfcdf9e3ca8ad", size = 2666710, upload-time = "2025-05-19T09:57:37.528Z" },
    { url = "https://files.pythonhosted.org/packages/2c/ec/7bc61e156f71cefdc1c7c2a9b8d25facdf6d208f9e19a80aa4ae56a9842e/cython-3.1.1-cp313-cp313-macosx_10_13_x86_64.whl", hash = "sha256:cb5661941707bd41ec7a9c273d698113ac50392444f785088e9d9706c6a5937b", size = 2990324, upload-time = "2025-05-19T09:57:39.962Z" },
    { url = "https://files.pythonhosted.org/packages/1a/86/2f2550dcda3b54c65c9132ec95470cc4115b96a78163e539e0a02f767f05/cython-3.1.1-cp313-cp313-macosx_11_0_arm64.whl", hash = "sha256:28b174f41718a7041cfbe0f48913020875ff1aaa4793942b2451ac6d2baf3f07", size = 2822556, upload-time = "2025-05-19T09:57:41.989Z" },
    { url = "https://files.pythonhosted.org/packages/9d/f8/b7a14323ee8474be00909469dd115e84d28719aaf94a55623fd6366dcab5/cython-3.1.1-cp313-cp313-manylinux_2_17_aarch64.manylinux2014_aarch64.whl", hash = "sha256:c740a10cd0f50321d048c8ca318eefb4c42b8bffef982dcd89c946d374192702", size = 3060223, upload-time = "2025-05-19T09:57:46.439Z" },
    { url = "https://files.pythonhosted.org/packages/ca/90/9fe8b93fa239b4871252274892c232415f53d5af0859c4a6ac9b1cbf9950/cython-3.1.1-cp313-cp313-manylinux_2_17_x86_64.manylinux2014_x86_64.whl", hash = "sha256:7da069ca769903c5dee56c5f7ab47b2b7b91030eee48912630db5f4f3ec5954a", size = 3180196, upload-time = "2025-05-19T09:57:48.619Z" },
    { url = "https://files.pythonhosted.org/packages/01/95/8fe6282a846f8ce56bb62434b48053910c68c94ec5da3bd47bc2de0bb5e2/cython-3.1.1-cp313-cp313-manylinux_2_5_i686.manylinux1_i686.manylinux_2_17_i686.manylinux2014_i686.whl", hash = "sha256:24c640c0746d984789fe2787a098f06cda456ef2dd78b90164d17884b350839a", size = 3208726, upload-time = "2025-05-19T09:57:51.258Z" },
    { url = "https://files.pythonhosted.org/packages/be/28/7db9e79a5099659f6e46c48577f582e6b542873159c3f65033a247e364b5/cython-3.1.1-cp313-cp313-musllinux_1_2_aarch64.whl", hash = "sha256:426d78565eb91d3366569b20e92b8f14bffef5f57b2acd05b60bbb9ce5c056a1", size = 3112452, upload-time = "2025-05-19T09:57:53.365Z" },
    { url = "https://files.pythonhosted.org/packages/44/68/de53aff8db5f05efd9fe7f1435aa6019573b94ae151ef82a66ca20b4ec57/cython-3.1.1-cp313-cp313-musllinux_1_2_i686.whl", hash = "sha256:b181158b5761bdaf40f6854f016ab7ddff64d3db4fca55cb3ca0f73813dd76d6", size = 3305698, upload-time = "2025-05-19T09:57:55.485Z" },
    { url = "https://files.pythonhosted.org/packages/52/e9/a54f53ba5feeb00e187e24ba6fc7b085075e8ac53ed22797ac9d77db7422/cython-3.1.1-cp313-cp313-musllinux_1_2_x86_64.whl", hash = "sha256:7489559e6c5ecbba49d535c2e03cf77c2594a3190b6aca7da5b508ba1664a89a", size = 3258348, upload-time = "2025-05-19T09:57:57.605Z" },
    { url = "https://files.pythonhosted.org/packages/0c/07/8c1a2ff59af7976ba16afe8cd54a070ce2986924cacecc7812236bf7f1c7/cython-3.1.1-cp313-cp313-win32.whl", hash = "sha256:263cb0e497910fb5e0a361ad1393b6d728b092178afecc56e8a786f3739960c3", size = 2457891, upload-time = "2025-05-19T09:57:59.675Z" },
    { url = "https://files.pythonhosted.org/packages/79/5e/c469f7b42e145a06af79a3f7b599454c028a823c6a83adc867ddfd02f941/cython-3.1.1-cp313-cp313-win_amd64.whl", hash = "sha256:e000f0533eedf3d6dfbe30bb3c58a054c58f0a7778390342fa577a0dc47adab3", size = 2665693, upload-time = "2025-05-19T09:58:02.262Z" },
    { url = "https://files.pythonhosted.org/packages/a7/97/8e8637e67afc09f1b51a617b15a0d1caf0b5159b0f79d47ab101e620e491/cython-3.1.1-py3-none-any.whl", hash = "sha256:07621e044f332d18139df2ccfcc930151fd323c2f61a58c82f304cffc9eb5280", size = 1220898, upload-time = "2025-05-19T09:44:50.614Z" },
]

[[package]]
name = "parameterized"
version = "0.9.0"
source = { registry = "https://pypi.org/simple" }
sdist = { url = "https://files.pythonhosted.org/packages/ea/49/00c0c0cc24ff4266025a53e41336b79adaa5a4ebfad214f433d623f9865e/parameterized-0.9.0.tar.gz", hash = "sha256:7fc905272cefa4f364c1a3429cbbe9c0f98b793988efb5bf90aac80f08db09b1", size = 24351, upload-time = "2023-03-27T02:01:11.592Z" }
wheels = [
    { url = "https://files.pythonhosted.org/packages/00/2f/804f58f0b856ab3bf21617cccf5b39206e6c4c94c2cd227bde125ea6105f/parameterized-0.9.0-py2.py3-none-any.whl", hash = "sha256:4e0758e3d41bea3bbd05ec14fc2c24736723f243b28d702081aef438c9372b1b", size = 20475, upload-time = "2023-03-27T02:01:09.31Z" },
]

[[package]]
name = "pyhacl"
version = "0.0.0"
source = { editable = "." }

[package.optional-dependencies]
dev = [
    { name = "cython" },
    { name = "parameterized" },
]

[package.metadata]
requires-dist = [
    { name = "cython", marker = "extra == 'dev'" },
    { name = "parameterized", marker = "extra == 'dev'" },
]
provides-extras = ["dev"]
